// !$*UTF8*$!
{
	archiveVersion = 1;
	classes = {
	};
	objectVersion = 55;
	objects = {

/* Begin PBXBuildFile section */
		520AE1A72A411CE400F350CE /* Variables.swift in Sources */ = {isa = PBXBuildFile; fileRef = 520AE1A62A411CE400F350CE /* Variables.swift */; };
		520AE1A92A411D3800F350CE /* print_vs_dump.swift in Sources */ = {isa = PBXBuildFile; fileRef = 520AE1A82A411D3800F350CE /* print_vs_dump.swift */; };
		524EBA392A4398DB0017CD87 /* closures.swift in Sources */ = {isa = PBXBuildFile; fileRef = 524EBA382A4398DB0017CD87 /* closures.swift */; };
		529E15512A371E830021CD8A /* main.swift in Sources */ = {isa = PBXBuildFile; fileRef = 529E15502A371E830021CD8A /* main.swift */; };
		52BA545F2A4B4425004D771B /* Operatoren.swift in Sources */ = {isa = PBXBuildFile; fileRef = 52BA545E2A4B4425004D771B /* Operatoren.swift */; };
		52E2AD052A372EA00099ACBC /* Arrays.swift in Sources */ = {isa = PBXBuildFile; fileRef = 52E2AD042A372EA00099ACBC /* Arrays.swift */; };
		52EDB9152A3779FD00596A1D /* Links.swift in Sources */ = {isa = PBXBuildFile; fileRef = 52EDB9142A3779FD00596A1D /* Links.swift */; };
		52EDB9172A377A9B00596A1D /* Classes.swift in Sources */ = {isa = PBXBuildFile; fileRef = 52EDB9162A377A9B00596A1D /* Classes.swift */; };
		52EDB9192A377AAF00596A1D /* Dictionaries.swift in Sources */ = {isa = PBXBuildFile; fileRef = 52EDB9182A377AAF00596A1D /* Dictionaries.swift */; };
		52EDB91C2A377ACB00596A1D /* Sets.swift in Sources */ = {isa = PBXBuildFile; fileRef = 52EDB91B2A377ACB00596A1D /* Sets.swift */; };
		52EDB91F2A377AE900596A1D /* Optional-Type.swift in Sources */ = {isa = PBXBuildFile; fileRef = 52EDB91E2A377AE900596A1D /* Optional-Type.swift */; };
		52EDB9212A377AF700596A1D /* Strings.swift in Sources */ = {isa = PBXBuildFile; fileRef = 52EDB9202A377AF700596A1D /* Strings.swift */; };
		52EDB9232A377B0900596A1D /* Protokols.swift in Sources */ = {isa = PBXBuildFile; fileRef = 52EDB9222A377B0900596A1D /* Protokols.swift */; };
		52EDB9262A377BCB00596A1D /* Ints.swift in Sources */ = {isa = PBXBuildFile; fileRef = 52EDB9252A377BCB00596A1D /* Ints.swift */; };
		52EDB9282A377BDD00596A1D /* Doubles.swift in Sources */ = {isa = PBXBuildFile; fileRef = 52EDB9272A377BDD00596A1D /* Doubles.swift */; };
		52EDB92B2A377C7400596A1D /* Constants.swift in Sources */ = {isa = PBXBuildFile; fileRef = 52EDB92A2A377C7400596A1D /* Constants.swift */; };
		52EDB92D2A37823100596A1D /* Functions.swift in Sources */ = {isa = PBXBuildFile; fileRef = 52EDB92C2A37823100596A1D /* Functions.swift */; };
		52EDB92F2A37831C00596A1D /* Wetter.swift in Sources */ = {isa = PBXBuildFile; fileRef = 52EDB92E2A37831C00596A1D /* Wetter.swift */; };
		52EDB9312A3783CD00596A1D /* Structs.swift in Sources */ = {isa = PBXBuildFile; fileRef = 52EDB9302A3783CD00596A1D /* Structs.swift */; };
/* End PBXBuildFile section */

/* Begin PBXCopyFilesBuildPhase section */
		529E154B2A371E830021CD8A /* CopyFiles */ = {
			isa = PBXCopyFilesBuildPhase;
			buildActionMask = 2147483647;
			dstPath = /usr/share/man/man1/;
			dstSubfolderSpec = 0;
			files = (
			);
			runOnlyForDeploymentPostprocessing = 1;
		};
/* End PBXCopyFilesBuildPhase section */

/* Begin PBXFileReference section */
		520AE1A62A411CE400F350CE /* Variables.swift */ = {isa = PBXFileReference; lastKnownFileType = sourcecode.swift; path = Variables.swift; sourceTree = "<group>"; };
		520AE1A82A411D3800F350CE /* print_vs_dump.swift */ = {isa = PBXFileReference; lastKnownFileType = sourcecode.swift; path = print_vs_dump.swift; sourceTree = "<group>"; };
		524EBA382A4398DB0017CD87 /* closures.swift */ = {isa = PBXFileReference; lastKnownFileType = sourcecode.swift; path = closures.swift; sourceTree = "<group>"; };
		529E154D2A371E830021CD8A /* SwiftTutorial */ = {isa = PBXFileReference; explicitFileType = "compiled.mach-o.executable"; includeInIndex = 0; path = SwiftTutorial; sourceTree = BUILT_PRODUCTS_DIR; };
		529E15502A371E830021CD8A /* main.swift */ = {isa = PBXFileReference; lastKnownFileType = sourcecode.swift; path = main.swift; sourceTree = "<group>"; };
		52BA545E2A4B4425004D771B /* Operatoren.swift */ = {isa = PBXFileReference; lastKnownFileType = sourcecode.swift; path = Operatoren.swift; sourceTree = "<group>"; };
		52E2AD042A372EA00099ACBC /* Arrays.swift */ = {isa = PBXFileReference; lastKnownFileType = sourcecode.swift; path = Arrays.swift; sourceTree = "<group>"; };
		52EDB9142A3779FD00596A1D /* Links.swift */ = {isa = PBXFileReference; lastKnownFileType = sourcecode.swift; path = Links.swift; sourceTree = "<group>"; };
		52EDB9162A377A9B00596A1D /* Classes.swift */ = {isa = PBXFileReference; lastKnownFileType = sourcecode.swift; path = Classes.swift; sourceTree = "<group>"; };
		52EDB9182A377AAF00596A1D /* Dictionaries.swift */ = {isa = PBXFileReference; lastKnownFileType = sourcecode.swift; path = Dictionaries.swift; sourceTree = "<group>"; };
		52EDB91B2A377ACB00596A1D /* Sets.swift */ = {isa = PBXFileReference; lastKnownFileType = sourcecode.swift; path = Sets.swift; sourceTree = "<group>"; };
		52EDB91E2A377AE900596A1D /* Optional-Type.swift */ = {isa = PBXFileReference; lastKnownFileType = sourcecode.swift; path = "Optional-Type.swift"; sourceTree = "<group>"; };
		52EDB9202A377AF700596A1D /* Strings.swift */ = {isa = PBXFileReference; lastKnownFileType = sourcecode.swift; path = Strings.swift; sourceTree = "<group>"; };
		52EDB9222A377B0900596A1D /* Protokols.swift */ = {isa = PBXFileReference; lastKnownFileType = sourcecode.swift; path = Protokols.swift; sourceTree = "<group>"; };
		52EDB9252A377BCB00596A1D /* Ints.swift */ = {isa = PBXFileReference; lastKnownFileType = sourcecode.swift; path = Ints.swift; sourceTree = "<group>"; };
		52EDB9272A377BDD00596A1D /* Doubles.swift */ = {isa = PBXFileReference; lastKnownFileType = sourcecode.swift; path = Doubles.swift; sourceTree = "<group>"; };
		52EDB92A2A377C7400596A1D /* Constants.swift */ = {isa = PBXFileReference; lastKnownFileType = sourcecode.swift; path = Constants.swift; sourceTree = "<group>"; };
		52EDB92C2A37823100596A1D /* Functions.swift */ = {isa = PBXFileReference; lastKnownFileType = sourcecode.swift; path = Functions.swift; sourceTree = "<group>"; };
		52EDB92E2A37831C00596A1D /* Wetter.swift */ = {isa = PBXFileReference; lastKnownFileType = sourcecode.swift; path = Wetter.swift; sourceTree = "<group>"; };
		52EDB9302A3783CD00596A1D /* Structs.swift */ = {isa = PBXFileReference; lastKnownFileType = sourcecode.swift; path = Structs.swift; sourceTree = "<group>"; };
/* End PBXFileReference section */

/* Begin PBXFrameworksBuildPhase section */
		529E154A2A371E830021CD8A /* Frameworks */ = {
			isa = PBXFrameworksBuildPhase;
			buildActionMask = 2147483647;
			files = (
			);
			runOnlyForDeploymentPostprocessing = 0;
		};
/* End PBXFrameworksBuildPhase section */

/* Begin PBXGroup section */
		529E15442A371E830021CD8A = {
			isa = PBXGroup;
			children = (
				529E154F2A371E830021CD8A /* SwiftTutorial */,
				529E154E2A371E830021CD8A /* Products */,
			);
			sourceTree = "<group>";
		};
		529E154E2A371E830021CD8A /* Products */ = {
			isa = PBXGroup;
			children = (
				529E154D2A371E830021CD8A /* SwiftTutorial */,
			);
			name = Products;
			sourceTree = "<group>";
		};
		529E154F2A371E830021CD8A /* SwiftTutorial */ = {
			isa = PBXGroup;
			children = (
				529E15502A371E830021CD8A /* main.swift */,
				52EDB9242A377B3E00596A1D /* Misc */,
				52EDB9292A377C1A00596A1D /* Types */,
				520AE1A62A411CE400F350CE /* Variables.swift */,
				52EDB92A2A377C7400596A1D /* Constants.swift */,
				52EDB91E2A377AE900596A1D /* Optional-Type.swift */,
				52EDB9162A377A9B00596A1D /* Classes.swift */,
				52EDB9302A3783CD00596A1D /* Structs.swift */,
				52EDB9222A377B0900596A1D /* Protokols.swift */,
				52EDB92C2A37823100596A1D /* Functions.swift */,
				520AE1A82A411D3800F350CE /* print_vs_dump.swift */,
				524EBA382A4398DB0017CD87 /* closures.swift */,
				52BA545E2A4B4425004D771B /* Operatoren.swift */,
			);
			path = SwiftTutorial;
			sourceTree = "<group>";
		};
		52EDB9242A377B3E00596A1D /* Misc */ = {
			isa = PBXGroup;
			children = (
				52EDB92E2A37831C00596A1D /* Wetter.swift */,
				52EDB9142A3779FD00596A1D /* Links.swift */,
			);
			path = Misc;
			sourceTree = "<group>";
		};
		52EDB9292A377C1A00596A1D /* Types */ = {
			isa = PBXGroup;
			children = (
				52EDB9252A377BCB00596A1D /* Ints.swift */,
				52EDB9272A377BDD00596A1D /* Doubles.swift */,
				52EDB9202A377AF700596A1D /* Strings.swift */,
				52E2AD042A372EA00099ACBC /* Arrays.swift */,
				52EDB91B2A377ACB00596A1D /* Sets.swift */,
				52EDB9182A377AAF00596A1D /* Dictionaries.swift */,
			);
			path = Types;
			sourceTree = "<group>";
		};
/* End PBXGroup section */

/* Begin PBXNativeTarget section */
		529E154C2A371E830021CD8A /* SwiftTutorial */ = {
			isa = PBXNativeTarget;
			buildConfigurationList = 529E15542A371E830021CD8A /* Build configuration list for PBXNativeTarget "SwiftTutorial" */;
			buildPhases = (
				529E15492A371E830021CD8A /* Sources */,
				529E154A2A371E830021CD8A /* Frameworks */,
				529E154B2A371E830021CD8A /* CopyFiles */,
			);
			buildRules = (
			);
			dependencies = (
			);
			name = SwiftTutorial;
			productName = Swift;
			productReference = 529E154D2A371E830021CD8A /* SwiftTutorial */;
			productType = "com.apple.product-type.tool";
		};
/* End PBXNativeTarget section */

/* Begin PBXProject section */
		529E15452A371E830021CD8A /* Project object */ = {
			isa = PBXProject;
			attributes = {
				BuildIndependentTargetsInParallel = 1;
				LastSwiftUpdateCheck = 1340;
				LastUpgradeCheck = 1340;
				TargetAttributes = {
					529E154C2A371E830021CD8A = {
						CreatedOnToolsVersion = 13.4.1;
					};
				};
			};
			buildConfigurationList = 529E15482A371E830021CD8A /* Build configuration list for PBXProject "SwiftTutorial" */;
			compatibilityVersion = "Xcode 13.0";
			developmentRegion = en;
			hasScannedForEncodings = 0;
			knownRegions = (
				en,
				Base,
			);
			mainGroup = 529E15442A371E830021CD8A;
			productRefGroup = 529E154E2A371E830021CD8A /* Products */;
			projectDirPath = "";
			projectRoot = "";
			targets = (
				529E154C2A371E830021CD8A /* SwiftTutorial */,
			);
		};
/* End PBXProject section */

/* Begin PBXSourcesBuildPhase section */
		529E15492A371E830021CD8A /* Sources */ = {
			isa = PBXSourcesBuildPhase;
			buildActionMask = 2147483647;
			files = (
				529E15512A371E830021CD8A /* main.swift in Sources */,
				524EBA392A4398DB0017CD87 /* closures.swift in Sources */,
				520AE1A92A411D3800F350CE /* print_vs_dump.swift in Sources */,
				52EDB9192A377AAF00596A1D /* Dictionaries.swift in Sources */,
				52EDB9232A377B0900596A1D /* Protokols.swift in Sources */,
				520AE1A72A411CE400F350CE /* Variables.swift in Sources */,
				52EDB92B2A377C7400596A1D /* Constants.swift in Sources */,
				52EDB9212A377AF700596A1D /* Strings.swift in Sources */,
				52BA545F2A4B4425004D771B /* Operatoren.swift in Sources */,
				52EDB92D2A37823100596A1D /* Functions.swift in Sources */,
				52EDB9152A3779FD00596A1D /* Links.swift in Sources */,
				52EDB9172A377A9B00596A1D /* Classes.swift in Sources */,
				52EDB91C2A377ACB00596A1D /* Sets.swift in Sources */,
				52EDB9262A377BCB00596A1D /* Ints.swift in Sources */,
				52EDB92F2A37831C00596A1D /* Wetter.swift in Sources */,
				52EDB91F2A377AE900596A1D /* Optional-Type.swift in Sources */,
				52EDB9312A3783CD00596A1D /* Structs.swift in Sources */,
				52EDB9282A377BDD00596A1D /* Doubles.swift in Sources */,
				52E2AD052A372EA00099ACBC /* Arrays.swift in Sources */,
			);
			runOnlyForDeploymentPostprocessing = 0;
		};
/* End PBXSourcesBuildPhase section */

/* Begin XCBuildConfiguration section */
		529E15522A371E830021CD8A /* Debug */ = {
			isa = XCBuildConfiguration;
			buildSettings = {
				ALWAYS_SEARCH_USER_PATHS = NO;
				CLANG_ANALYZER_NONNULL = YES;
				CLANG_ANALYZER_NUMBER_OBJECT_CONVERSION = YES_AGGRESSIVE;
				CLANG_CXX_LANGUAGE_STANDARD = "gnu++17";
				CLANG_ENABLE_MODULES = YES;
				CLANG_ENABLE_OBJC_ARC = YES;
				CLANG_ENABLE_OBJC_WEAK = YES;
				CLANG_WARN_BLOCK_CAPTURE_AUTORELEASING = YES;
				CLANG_WARN_BOOL_CONVERSION = YES;
				CLANG_WARN_COMMA = YES;
				CLANG_WARN_CONSTANT_CONVERSION = YES;
				CLANG_WARN_DEPRECATED_OBJC_IMPLEMENTATIONS = YES;
				CLANG_WARN_DIRECT_OBJC_ISA_USAGE = YES_ERROR;
				CLANG_WARN_DOCUMENTATION_COMMENTS = YES;
				CLANG_WARN_EMPTY_BODY = YES;
				CLANG_WARN_ENUM_CONVERSION = YES;
				CLANG_WARN_INFINITE_RECURSION = YES;
				CLANG_WARN_INT_CONVERSION = YES;
				CLANG_WARN_NON_LITERAL_NULL_CONVERSION = YES;
				CLANG_WARN_OBJC_IMPLICIT_RETAIN_SELF = YES;
				CLANG_WARN_OBJC_LITERAL_CONVERSION = YES;
				CLANG_WARN_OBJC_ROOT_CLASS = YES_ERROR;
				CLANG_WARN_QUOTED_INCLUDE_IN_FRAMEWORK_HEADER = YES;
				CLANG_WARN_RANGE_LOOP_ANALYSIS = YES;
				CLANG_WARN_STRICT_PROTOTYPES = YES;
				CLANG_WARN_SUSPICIOUS_MOVE = YES;
				CLANG_WARN_UNGUARDED_AVAILABILITY = YES_AGGRESSIVE;
				CLANG_WARN_UNREACHABLE_CODE = YES;
				CLANG_WARN__DUPLICATE_METHOD_MATCH = YES;
				COPY_PHASE_STRIP = NO;
				DEBUG_INFORMATION_FORMAT = dwarf;
				ENABLE_STRICT_OBJC_MSGSEND = YES;
				ENABLE_TESTABILITY = YES;
				GCC_C_LANGUAGE_STANDARD = gnu11;
				GCC_DYNAMIC_NO_PIC = NO;
				GCC_NO_COMMON_BLOCKS = YES;
				GCC_OPTIMIZATION_LEVEL = 0;
				GCC_PREPROCESSOR_DEFINITIONS = (
					"DEBUG=1",
					"$(inherited)",
				);
				GCC_WARN_64_TO_32_BIT_CONVERSION = YES;
				GCC_WARN_ABOUT_RETURN_TYPE = YES_ERROR;
				GCC_WARN_UNDECLARED_SELECTOR = YES;
				GCC_WARN_UNINITIALIZED_AUTOS = YES_AGGRESSIVE;
				GCC_WARN_UNUSED_FUNCTION = YES;
				GCC_WARN_UNUSED_VARIABLE = YES;
				MACOSX_DEPLOYMENT_TARGET = 12.3;
				MTL_ENABLE_DEBUG_INFO = INCLUDE_SOURCE;
				MTL_FAST_MATH = YES;
				ONLY_ACTIVE_ARCH = YES;
				SDKROOT = macosx;
				SWIFT_ACTIVE_COMPILATION_CONDITIONS = DEBUG;
				SWIFT_OPTIMIZATION_LEVEL = "-Onone";
			};
			name = Debug;
		};
		529E15532A371E830021CD8A /* Release */ = {
			isa = XCBuildConfiguration;
			buildSettings = {
				ALWAYS_SEARCH_USER_PATHS = NO;
				CLANG_ANALYZER_NONNULL = YES;
				CLANG_ANALYZER_NUMBER_OBJECT_CONVERSION = YES_AGGRESSIVE;
				CLANG_CXX_LANGUAGE_STANDARD = "gnu++17";
				CLANG_ENABLE_MODULES = YES;
				CLANG_ENABLE_OBJC_ARC = YES;
				CLANG_ENABLE_OBJC_WEAK = YES;
				CLANG_WARN_BLOCK_CAPTURE_AUTORELEASING = YES;
				CLANG_WARN_BOOL_CONVERSION = YES;
				CLANG_WARN_COMMA = YES;
				CLANG_WARN_CONSTANT_CONVERSION = YES;
				CLANG_WARN_DEPRECATED_OBJC_IMPLEMENTATIONS = YES;
				CLANG_WARN_DIRECT_OBJC_ISA_USAGE = YES_ERROR;
				CLANG_WARN_DOCUMENTATION_COMMENTS = YES;
				CLANG_WARN_EMPTY_BODY = YES;
				CLANG_WARN_ENUM_CONVERSION = YES;
				CLANG_WARN_INFINITE_RECURSION = YES;
				CLANG_WARN_INT_CONVERSION = YES;
				CLANG_WARN_NON_LITERAL_NULL_CONVERSION = YES;
				CLANG_WARN_OBJC_IMPLICIT_RETAIN_SELF = YES;
				CLANG_WARN_OBJC_LITERAL_CONVERSION = YES;
				CLANG_WARN_OBJC_ROOT_CLASS = YES_ERROR;
				CLANG_WARN_QUOTED_INCLUDE_IN_FRAMEWORK_HEADER = YES;
				CLANG_WARN_RANGE_LOOP_ANALYSIS = YES;
				CLANG_WARN_STRICT_PROTOTYPES = YES;
				CLANG_WARN_SUSPICIOUS_MOVE = YES;
				CLANG_WARN_UNGUARDED_AVAILABILITY = YES_AGGRESSIVE;
				CLANG_WARN_UNREACHABLE_CODE = YES;
				CLANG_WARN__DUPLICATE_METHOD_MATCH = YES;
				COPY_PHASE_STRIP = NO;
				DEBUG_INFORMATION_FORMAT = "dwarf-with-dsym";
				ENABLE_NS_ASSERTIONS = NO;
				ENABLE_STRICT_OBJC_MSGSEND = YES;
				GCC_C_LANGUAGE_STANDARD = gnu11;
				GCC_NO_COMMON_BLOCKS = YES;
				GCC_WARN_64_TO_32_BIT_CONVERSION = YES;
				GCC_WARN_ABOUT_RETURN_TYPE = YES_ERROR;
				GCC_WARN_UNDECLARED_SELECTOR = YES;
				GCC_WARN_UNINITIALIZED_AUTOS = YES_AGGRESSIVE;
				GCC_WARN_UNUSED_FUNCTION = YES;
				GCC_WARN_UNUSED_VARIABLE = YES;
				MACOSX_DEPLOYMENT_TARGET = 12.3;
				MTL_ENABLE_DEBUG_INFO = NO;
				MTL_FAST_MATH = YES;
				SDKROOT = macosx;
				SWIFT_COMPILATION_MODE = wholemodule;
				SWIFT_OPTIMIZATION_LEVEL = "-O";
			};
			name = Release;
		};
		529E15552A371E830021CD8A /* Debug */ = {
			isa = XCBuildConfiguration;
			buildSettings = {
				CODE_SIGN_STYLE = Automatic;
				DEVELOPMENT_TEAM = 2S62JW94RL;
				ENABLE_HARDENED_RUNTIME = YES;
				PRODUCT_NAME = "$(TARGET_NAME)";
				SWIFT_VERSION = 5.0;
			};
			name = Debug;
		};
		529E15562A371E830021CD8A /* Release */ = {
			isa = XCBuildConfiguration;
			buildSettings = {
				CODE_SIGN_STYLE = Automatic;
				DEVELOPMENT_TEAM = 2S62JW94RL;
				ENABLE_HARDENED_RUNTIME = YES;
				PRODUCT_NAME = "$(TARGET_NAME)";
				SWIFT_VERSION = 5.0;
			};
			name = Release;
		};
/* End XCBuildConfiguration section */

/* Begin XCConfigurationList section */
		529E15482A371E830021CD8A /* Build configuration list for PBXProject "SwiftTutorial" */ = {
			isa = XCConfigurationList;
			buildConfigurations = (
				529E15522A371E830021CD8A /* Debug */,
				529E15532A371E830021CD8A /* Release */,
			);
			defaultConfigurationIsVisible = 0;
			defaultConfigurationName = Release;
		};
		529E15542A371E830021CD8A /* Build configuration list for PBXNativeTarget "SwiftTutorial" */ = {
			isa = XCConfigurationList;
			buildConfigurations = (
				529E15552A371E830021CD8A /* Debug */,
				529E15562A371E830021CD8A /* Release */,
			);
			defaultConfigurationIsVisible = 0;
			defaultConfigurationName = Release;
		};
/* End XCConfigurationList section */
	};
	rootObject = 529E15452A371E830021CD8A /* Project object */;
}
